
Microsoft Visual Studio Solution File, Format Version 12.00
# Visual Studio Version 17
VisualStudioVersion = 17.13.35806.99 d17.13
MinimumVisualStudioVersion = 10.0.40219.1
Project("{FAE04EC0-301F-11D3-BF4B-00C04F79EFBC}") = "InheritancePracticeCSharp", "InheritancePracticeCSharp.csproj", "{FBC9DF77-3553-44B9-9A69-474DCAE57045}"
EndProject
Global
	GlobalSection(SolutionConfigurationPlatforms) = preSolution
		Debug|Any CPU = Debug|Any CPU
		Release|Any CPU = Release|Any CPU
	EndGlobalSection
	GlobalSection(ProjectConfigurationPlatforms) = postSolution
		{FBC9DF77-3553-44B9-9A69-474DCAE57045}.Debug|Any CPU.ActiveCfg = Debug|Any CPU
		{FBC9DF77-3553-44B9-9A69-474DCAE57045}.Debug|Any CPU.Build.0 = Debug|Any CPU
		{FBC9DF77-3553-44B9-9A69-474DCAE57045}.Release|Any CPU.ActiveCfg = Release|Any CPU
		{FBC9DF77-3553-44B9-9A69-474DCAE57045}.Release|Any CPU.Build.0 = Release|Any CPU
	EndGlobalSection
	GlobalSection(SolutionProperties) = preSolution
		HideSolutionNode = FALSE
	EndGlobalSection
	GlobalSection(ExtensibilityGlobals) = postSolution
		SolutionGuid = {8F667A91-FCA8-4462-B728-D59A9FBA8CF2}
	EndGlobalSection
EndGlobal
